
Microsoft Visual Studio Solution File, Format Version 12.00
# Visual Studio 15
VisualStudioVersion = 15.0.27004.2006
MinimumVisualStudioVersion = 10.0.40219.1
Project("{FAE04EC0-301F-11D3-BF4B-00C04F79EFBC}") = "ContosoUniversity", "ContosoUniversity\ContosoUniversity.csproj", "{48C0DB83-799A-42A6-8946-D13DE677C49A}"
EndProject
Global
	GlobalSection(SolutionConfigurationPlatforms) = preSolution
		Debug|Any CPU = Debug|Any CPU
		Release|Any CPU = Release|Any CPU
	EndGlobalSection
	GlobalSection(ProjectConfigurationPlatforms) = postSolution
		{48C0DB83-799A-42A6-8946-D13DE677C49A}.Debug|Any CPU.ActiveCfg = Debug|Any CPU
		{48C0DB83-799A-42A6-8946-D13DE677C49A}.Debug|Any CPU.Build.0 = Debug|Any CPU
		{48C0DB83-799A-42A6-8946-D13DE677C49A}.Release|Any CPU.ActiveCfg = Release|Any CPU
		{48C0DB83-799A-42A6-8946-D13DE677C49A}.Release|Any CPU.Build.0 = Release|Any CPU
	EndGlobalSection
	GlobalSection(SolutionProperties) = preSolution
		HideSolutionNode = FALSE
	EndGlobalSection
	GlobalSection(ExtensibilityGlobals) = postSolution
		SolutionGuid = {8C7BF055-830B-4A3B-A45B-17470235500C}
	EndGlobalSection
EndGlobal
